
Microsoft Visual Studio Solution File, Format Version 12.00
# Visual Studio Version 17
VisualStudioVersion = 17.13.35806.99 d17.13
MinimumVisualStudioVersion = 10.0.40219.1
Project("{FAE04EC0-301F-11D3-BF4B-00C04F79EFBC}") = "BudgetBoo.UI", "BudgetBoo.UI\BudgetBoo.UI.csproj", "{F58C20B3-309A-4796-B905-FF12198F4515}"
EndProject
Project("{FAE04EC0-301F-11D3-BF4B-00C04F79EFBC}") = "BudgetBoo.Core", "BudgetBoo.Core\BudgetBoo.Core.csproj", "{5242F083-E4AE-49D0-B9C6-622EDB2B68B7}"
EndProject
Project("{FAE04EC0-301F-11D3-BF4B-00C04F79EFBC}") = "BudgetBoo.Data", "BudgetBoo.Data\BudgetBoo.Data.csproj", "{10174A32-8659-40B5-BB99-98650C26E7A0}"
EndProject
Global
	GlobalSection(SolutionConfigurationPlatforms) = preSolution
		Debug|Any CPU = Debug|Any CPU
		Release|Any CPU = Release|Any CPU
	EndGlobalSection
	GlobalSection(ProjectConfigurationPlatforms) = postSolution
		{F58C20B3-309A-4796-B905-FF12198F4515}.Debug|Any CPU.ActiveCfg = Debug|Any CPU
		{F58C20B3-309A-4796-B905-FF12198F4515}.Debug|Any CPU.Build.0 = Debug|Any CPU
		{F58C20B3-309A-4796-B905-FF12198F4515}.Debug|Any CPU.Deploy.0 = Debug|Any CPU
		{F58C20B3-309A-4796-B905-FF12198F4515}.Release|Any CPU.ActiveCfg = Release|Any CPU
		{F58C20B3-309A-4796-B905-FF12198F4515}.Release|Any CPU.Build.0 = Release|Any CPU
		{F58C20B3-309A-4796-B905-FF12198F4515}.Release|Any CPU.Deploy.0 = Release|Any CPU
		{5242F083-E4AE-49D0-B9C6-622EDB2B68B7}.Debug|Any CPU.ActiveCfg = Debug|Any CPU
		{5242F083-E4AE-49D0-B9C6-622EDB2B68B7}.Debug|Any CPU.Build.0 = Debug|Any CPU
		{5242F083-E4AE-49D0-B9C6-622EDB2B68B7}.Release|Any CPU.ActiveCfg = Release|Any CPU
		{5242F083-E4AE-49D0-B9C6-622EDB2B68B7}.Release|Any CPU.Build.0 = Release|Any CPU
		{10174A32-8659-40B5-BB99-98650C26E7A0}.Debug|Any CPU.ActiveCfg = Debug|Any CPU
		{10174A32-8659-40B5-BB99-98650C26E7A0}.Debug|Any CPU.Build.0 = Debug|Any CPU
		{10174A32-8659-40B5-BB99-98650C26E7A0}.Release|Any CPU.ActiveCfg = Release|Any CPU
		{10174A32-8659-40B5-BB99-98650C26E7A0}.Release|Any CPU.Build.0 = Release|Any CPU
	EndGlobalSection
	GlobalSection(SolutionProperties) = preSolution
		HideSolutionNode = FALSE
	EndGlobalSection
	GlobalSection(ExtensibilityGlobals) = postSolution
		SolutionGuid = {A8656132-A342-4057-B69E-3EF21F8590F5}
	EndGlobalSection
EndGlobal
